# This file is @generated by PDM.
# It is not intended for manual editing.

[[package]]
name = "colorama"
version = "0.4.6"
requires_python = "!=3.0.*,!=3.1.*,!=3.2.*,!=3.3.*,!=3.4.*,!=3.5.*,!=3.6.*,>=2.7"
summary = "Cross-platform colored terminal text."

[[package]]
name = "filelock"
version = "3.13.1"
requires_python = ">=3.8"
summary = "A platform independent file lock."

[[package]]
name = "fsspec"
version = "2023.12.2"
requires_python = ">=3.8"
summary = "File-system specification"

[[package]]
name = "jinja2"
version = "3.1.3"
requires_python = ">=3.7"
summary = "A very fast and expressive template engine."
dependencies = [
    "MarkupSafe>=2.0",
]

[[package]]
name = "markupsafe"
version = "2.1.4"
requires_python = ">=3.7"
summary = "Safely add untrusted strings to HTML/XML markup."

[[package]]
name = "mpmath"
version = "1.3.0"
summary = "Python library for arbitrary-precision floating-point arithmetic"

[[package]]
name = "networkx"
version = "3.2.1"
requires_python = ">=3.9"
summary = "Python package for creating and manipulating graphs and networks"

[[package]]
name = "numpy"
version = "1.26.3"
requires_python = ">=3.9"
summary = "Fundamental package for array computing in Python"

[[package]]
name = "setuptools"
version = "69.0.3"
requires_python = ">=3.8"
summary = "Easily download, build, install, upgrade, and uninstall Python packages"

[[package]]
name = "sympy"
version = "1.12"
requires_python = ">=3.8"
summary = "Computer algebra system (CAS) in Python"
dependencies = [
    "mpmath>=0.19",
]

[[package]]
name = "torch"
version = "2.1.2+cu121"
requires_python = ">=3.8.0"
summary = "Tensors and Dynamic neural networks in Python with strong GPU acceleration"
dependencies = [
    "filelock",
    "fsspec",
    "jinja2",
    "networkx",
    "sympy",
    "triton==2.1.0; platform_system == \"Linux\" and platform_machine == \"x86_64\"",
    "typing-extensions",
]

[[package]]
name = "tqdm"
version = "4.66.1"
requires_python = ">=3.7"
summary = "Fast, Extensible Progress Meter"
dependencies = [
    "colorama; platform_system == \"Windows\"",
]

[[package]]
name = "triton"
version = "2.1.0"
summary = "A language and compiler for custom Deep Learning operations"
dependencies = [
    "filelock",
]

[[package]]
name = "typing-extensions"
version = "4.9.0"
requires_python = ">=3.8"
summary = "Backported and Experimental Type Hints for Python 3.8+"

[metadata]
lock_version = "4.1"
content_hash = "sha256:d76669fbf287596f0ad52336b992714828bf19e603f726fb16f45d8115ace47a"

[metadata.files]
"colorama 0.4.6" = [
    {url = "https://files.pythonhosted.org/packages/d1/d6/3965ed04c63042e047cb6a3e6ed1a63a35087b6a609aa3a15ed8ac56c221/colorama-0.4.6-py2.py3-none-any.whl", hash = "sha256:4f1d9991f5acc0ca119f9d443620b77f9d6b33703e51011c16baf57afb285fc6"},
    {url = "https://files.pythonhosted.org/packages/d8/53/6f443c9a4a8358a93a6792e2acffb9d9d5cb0a5cfd8802644b7b1c9a02e4/colorama-0.4.6.tar.gz", hash = "sha256:08695f5cb7ed6e0531a20572697297273c47b8cae5a63ffc6d6ed5c201be6e44"},
]
"filelock 3.13.1" = [
    {url = "https://files.pythonhosted.org/packages/70/70/41905c80dcfe71b22fb06827b8eae65781783d4a14194bce79d16a013263/filelock-3.13.1.tar.gz", hash = "sha256:521f5f56c50f8426f5e03ad3b281b490a87ef15bc6c526f168290f0c7148d44e"},
    {url = "https://files.pythonhosted.org/packages/81/54/84d42a0bee35edba99dee7b59a8d4970eccdd44b99fe728ed912106fc781/filelock-3.13.1-py3-none-any.whl", hash = "sha256:57dbda9b35157b05fb3e58ee91448612eb674172fab98ee235ccb0b5bee19a1c"},
]
"fsspec 2023.12.2" = [
    {url = "https://files.pythonhosted.org/packages/70/25/fab23259a52ece5670dcb8452e1af34b89e6135ecc17cd4b54b4b479eac6/fsspec-2023.12.2-py3-none-any.whl", hash = "sha256:d800d87f72189a745fa3d6b033b9dc4a34ad069f60ca60b943a63599f5501960"},
    {url = "https://files.pythonhosted.org/packages/fa/08/cac914ff6ff46c4500fc4323a939dbe7a0f528cca04e7fd3e859611dea41/fsspec-2023.12.2.tar.gz", hash = "sha256:8548d39e8810b59c38014934f6b31e57f40c1b20f911f4cc2b85389c7e9bf0cb"},
]
"jinja2 3.1.3" = [
    {url = "https://files.pythonhosted.org/packages/30/6d/6de6be2d02603ab56e72997708809e8a5b0fbfee080735109b40a3564843/Jinja2-3.1.3-py3-none-any.whl", hash = "sha256:7d6d50dd97d52cbc355597bd845fabfbac3f551e1f99619e39a35ce8c370b5fa"},
    {url = "https://files.pythonhosted.org/packages/b2/5e/3a21abf3cd467d7876045335e681d276ac32492febe6d98ad89562d1a7e1/Jinja2-3.1.3.tar.gz", hash = "sha256:ac8bd6544d4bb2c9792bf3a159e80bba8fda7f07e81bc3aed565432d5925ba90"},
]
"markupsafe 2.1.4" = [
    {url = "https://files.pythonhosted.org/packages/04/94/90fa2d1a40ef244f9cd3cc7275df22a65a3978a50afb42603eac6555108b/MarkupSafe-2.1.4-cp310-cp310-win_amd64.whl", hash = "sha256:a76055d5cb1c23485d7ddae533229039b850db711c554a12ea64a0fd8a0129e2"},
    {url = "https://files.pythonhosted.org/packages/0d/57/aa0a5a362ef161e6be4e8f574338bf531d136d1579cd6b3ee8d54f0c51f8/MarkupSafe-2.1.4-cp311-cp311-musllinux_1_1_x86_64.whl", hash = "sha256:c669391319973e49a7c6230c218a1e3044710bc1ce4c8e6eb71f7e6d43a2c131"},
    {url = "https://files.pythonhosted.org/packages/0f/59/243a8fad3dd0800091566b25270f6bb7b81c8a1a7bb2276a3161ec4f16b2/MarkupSafe-2.1.4-cp312-cp312-win_amd64.whl", hash = "sha256:5045e892cfdaecc5b4c01822f353cf2c8feb88a6ec1c0adef2a2e705eef0f656"},
    {url = "https://files.pythonhosted.org/packages/16/3b/d9873f81fcbf85c817849c2cba76f80ab9237207c0f395636362d6e06477/MarkupSafe-2.1.4-cp38-cp38-musllinux_1_1_x86_64.whl", hash = "sha256:c7556bafeaa0a50e2fe7dc86e0382dea349ebcad8f010d5a7dc6ba568eaaa789"},
    {url = "https://files.pythonhosted.org/packages/19/82/dfa26a17c74a592865fe9f2f1b2c19a103672207ace9a611b35131f5aaf6/MarkupSafe-2.1.4-cp37-cp37m-manylinux_2_17_x86_64.manylinux2014_x86_64.whl", hash = "sha256:698e84142f3f884114ea8cf83e7a67ca8f4ace8454e78fe960646c6c91c63bfa"},
    {url = "https://files.pythonhosted.org/packages/1a/3c/ca3094664ce3126145cc28b61bb37253d9f1614c9d8bbfa358ac7fc472c0/MarkupSafe-2.1.4-cp39-cp39-manylinux_2_17_x86_64.manylinux2014_x86_64.whl", hash = "sha256:7653fa39578957bc42e5ebc15cf4361d9e0ee4b702d7d5ec96cdac860953c5b4"},
    {url = "https://files.pythonhosted.org/packages/1e/89/74dc2b42028ae15c934fc17a8fb91ffcd77b31176dd870a6ad521f28d878/MarkupSafe-2.1.4-cp39-cp39-macosx_10_9_x86_64.whl", hash = "sha256:21e7af8091007bf4bebf4521184f4880a6acab8df0df52ef9e513d8e5db23411"},
    {url = "https://files.pythonhosted.org/packages/22/21/db757f4055d8a96500da48a409bed5235bf4bc6ffc3d516e0446329c7dc9/MarkupSafe-2.1.4-cp38-cp38-musllinux_1_1_aarch64.whl", hash = "sha256:9896fca4a8eb246defc8b2a7ac77ef7553b638e04fbf170bff78a40fa8a91474"},
    {url = "https://files.pythonhosted.org/packages/2a/87/98b9a24a52c8d758efbda0cb28ebf2283a3e7a78af2fbd35d6c79327c3a4/MarkupSafe-2.1.4-cp37-cp37m-manylinux_2_17_aarch64.manylinux2014_aarch64.whl", hash = "sha256:d18b66fe626ac412d96c2ab536306c736c66cf2a31c243a45025156cc190dc8a"},
    {url = "https://files.pythonhosted.org/packages/2c/db/e20eb0899e6cfc0bc51c21d0b62fb138f5e014443c340cacbd250768b968/MarkupSafe-2.1.4-cp312-cp312-manylinux_2_17_x86_64.manylinux2014_x86_64.whl", hash = "sha256:78bc995e004681246e85e28e068111a4c3f35f34e6c62da1471e844ee1446250"},
    {url = "https://files.pythonhosted.org/packages/35/21/45495e6d8fd4fedad477b9fb97905279433f58c141e1b4fa7c752f1bc5ca/MarkupSafe-2.1.4-cp38-cp38-manylinux_2_17_x86_64.manylinux2014_x86_64.whl", hash = "sha256:23984d1bdae01bee794267424af55eef4dfc038dc5d1272860669b2aa025c9e3"},
    {url = "https://files.pythonhosted.org/packages/36/2a/fab302636634e1f770a26aac212e44cff25522ed3c9189bd8afc9ae2effd/MarkupSafe-2.1.4-cp310-cp310-manylinux_2_17_x86_64.manylinux2014_x86_64.whl", hash = "sha256:dac1ebf6983148b45b5fa48593950f90ed6d1d26300604f321c74a9ca1609f8e"},
    {url = "https://files.pythonhosted.org/packages/37/69/9cb8ac6b24aa470ec9cb7eb13b2be98f95fc5ac4a6dbe21d6d8825e852ed/MarkupSafe-2.1.4-cp312-cp312-musllinux_1_1_i686.whl", hash = "sha256:f06e5a9e99b7df44640767842f414ed5d7bedaaa78cd817ce04bbd6fd86e2dd6"},
    {url = "https://files.pythonhosted.org/packages/38/6b/afcfc2cc9dbec4125589bdfa766aa55d23dc81dd07a548a334b659ce81db/MarkupSafe-2.1.4-cp38-cp38-macosx_10_9_x86_64.whl", hash = "sha256:4df98d4a9cd6a88d6a585852f56f2155c9cdb6aec78361a19f938810aa020954"},
    {url = "https://files.pythonhosted.org/packages/41/76/d710592bf23cecab5361a76acddbcd80386fb44a41bb680b8cde94ce753f/MarkupSafe-2.1.4-cp311-cp311-musllinux_1_1_aarch64.whl", hash = "sha256:e1a0d1924a5013d4f294087e00024ad25668234569289650929ab871231668e7"},
    {url = "https://files.pythonhosted.org/packages/42/4c/c39027927d0321c7895d565df6348a9c9fececaf0802b7e8f65a2e7e020f/MarkupSafe-2.1.4-cp310-cp310-musllinux_1_1_aarch64.whl", hash = "sha256:d5291d98cd3ad9a562883468c690a2a238c4a6388ab3bd155b0c75dd55ece858"},
    {url = "https://files.pythonhosted.org/packages/43/6c/cada926629accaaf8f4fc3eb01694fd0c3dfcb311104f62849395c08acee/MarkupSafe-2.1.4-cp312-cp312-manylinux_2_17_aarch64.manylinux2014_aarch64.whl", hash = "sha256:5244324676254697fe5c181fc762284e2c5fceeb1c4e3e7f6aca2b6f107e60dc"},
    {url = "https://files.pythonhosted.org/packages/45/ff/c118b6acedd08e4bff8a765d2fe218dd44d95ba390a421e2594996980cce/MarkupSafe-2.1.4-cp310-cp310-musllinux_1_1_x86_64.whl", hash = "sha256:b83041cda633871572f0d3c41dddd5582ad7d22f65a72eacd8d3d6d00291df26"},
    {url = "https://files.pythonhosted.org/packages/46/3d/9e4739043ba5bbba5fc77c845ba68aeeb90d106c41461a4954ed176b4194/MarkupSafe-2.1.4-cp37-cp37m-win_amd64.whl", hash = "sha256:d6e427c7378c7f1b2bef6a344c925b8b63623d3321c09a237b7cc0e77dd98ceb"},
    {url = "https://files.pythonhosted.org/packages/4e/ab/2edef0c341dd91af8148f50fd879780afa2d1ed6501d3c93bd8a693e1829/MarkupSafe-2.1.4-cp39-cp39-musllinux_1_1_i686.whl", hash = "sha256:36d7626a8cca4d34216875aee5a1d3d654bb3dac201c1c003d182283e3205949"},
    {url = "https://files.pythonhosted.org/packages/52/64/b548f9151cd1bee499bc5e63f6945a6818d950f8eec831a95a08aadb9bb4/MarkupSafe-2.1.4-cp37-cp37m-macosx_10_9_x86_64.whl", hash = "sha256:7a07f40ef8f0fbc5ef1000d0c78771f4d5ca03b4953fc162749772916b298fc4"},
    {url = "https://files.pythonhosted.org/packages/56/a8/e7b5cc3ccbd1b06d52271ca6e72510909f1334b06ba3289ca519d68af8ea/MarkupSafe-2.1.4-cp38-cp38-manylinux_2_5_i686.manylinux1_i686.manylinux_2_17_i686.manylinux2014_i686.whl", hash = "sha256:1c98c33ffe20e9a489145d97070a435ea0679fddaabcafe19982fe9c971987d5"},
    {url = "https://files.pythonhosted.org/packages/56/df/e873f115b6211bb92ec160651ff227989bd1a471a92ae32984db68ee5a8b/MarkupSafe-2.1.4-cp312-cp312-macosx_10_9_x86_64.whl", hash = "sha256:987d13fe1d23e12a66ca2073b8d2e2a75cec2ecb8eab43ff5624ba0ad42764bc"},
    {url = "https://files.pythonhosted.org/packages/5a/92/c61e3cfeae1d60aec048333df70a1307f63404fcd21a9ec55b5b32117ac7/MarkupSafe-2.1.4-cp310-cp310-manylinux_2_5_i686.manylinux1_i686.manylinux_2_17_i686.manylinux2014_i686.whl", hash = "sha256:0fbad3d346df8f9d72622ac71b69565e621ada2ce6572f37c2eae8dacd60385d"},
    {url = "https://files.pythonhosted.org/packages/5c/90/f682efdcb0c16c1584efd188b430462c3e746350149f65f8fa048ab8f18b/MarkupSafe-2.1.4-cp312-cp312-win32.whl", hash = "sha256:f6be2d708a9d0e9b0054856f07ac7070fbe1754be40ca8525d5adccdbda8f475"},
    {url = "https://files.pythonhosted.org/packages/60/7b/bb262e8a217ebe77fb07a142d58248fea62d55ac44b23bd713c5d3dd5a3e/MarkupSafe-2.1.4-cp310-cp310-musllinux_1_1_i686.whl", hash = "sha256:a7cc49ef48a3c7a0005a949f3c04f8baa5409d3f663a1b36f0eba9bfe2a0396e"},
    {url = "https://files.pythonhosted.org/packages/67/b4/e6dee1f6668ebd8e21616339dc1ca28ee368e5334afa874cb196d06297b6/MarkupSafe-2.1.4-cp39-cp39-musllinux_1_1_aarch64.whl", hash = "sha256:fe8512ed897d5daf089e5bd010c3dc03bb1bdae00b35588c49b98268d4a01e00"},
    {url = "https://files.pythonhosted.org/packages/68/5c/21f0d77446c031ff8b096dab9e93e2ac29a6f31532cc17951fb656b64d1c/MarkupSafe-2.1.4-cp310-cp310-manylinux_2_17_aarch64.manylinux2014_aarch64.whl", hash = "sha256:a0b838c37ba596fcbfca71651a104a611543077156cb0a26fe0c475e1f152ee8"},
    {url = "https://files.pythonhosted.org/packages/71/f1/9d1e248f846c29fc91fe9ddd1c5845e0217b75756a3ef4403ae3243d4fec/MarkupSafe-2.1.4-cp312-cp312-musllinux_1_1_x86_64.whl", hash = "sha256:396549cea79e8ca4ba65525470d534e8a41070e6b3500ce2414921099cb73e8d"},
    {url = "https://files.pythonhosted.org/packages/79/c3/7e515024117de7c53968f7c761cbd641c7fa4ff1da721c44f7433aae073b/MarkupSafe-2.1.4-cp38-cp38-macosx_10_9_universal2.whl", hash = "sha256:bf1196dcc239e608605b716e7b166eb5faf4bc192f8a44b81e85251e62584bd2"},
    {url = "https://files.pythonhosted.org/packages/81/07/39e8a4c013e70b81e135e194dae3b5623a24caa81628bf426372abc4068e/MarkupSafe-2.1.4-cp37-cp37m-win32.whl", hash = "sha256:3583a3a3ab7958e354dc1d25be74aee6228938312ee875a22330c4dc2e41beb0"},
    {url = "https://files.pythonhosted.org/packages/81/8e/ddcf9fea0cf973c9b0407927aabb0864ef6a33f492845f0969cea7adeb95/MarkupSafe-2.1.4-cp37-cp37m-musllinux_1_1_i686.whl", hash = "sha256:6aa5e2e7fc9bc042ae82d8b79d795b9a62bd8f15ba1e7594e3db243f158b5565"},
    {url = "https://files.pythonhosted.org/packages/87/8a/04467357a6f40f013f9362d174e0cb2d9f91c77f56f4b73c3b0c8f620fff/MarkupSafe-2.1.4-cp311-cp311-manylinux_2_5_i686.manylinux1_i686.manylinux_2_17_i686.manylinux2014_i686.whl", hash = "sha256:abf5ebbec056817057bfafc0445916bb688a255a5146f900445d081db08cbabb"},
    {url = "https://files.pythonhosted.org/packages/88/35/283c8557b5a7838774adfb20b90f2d257427fed4fafedb84be34af813fa8/MarkupSafe-2.1.4-cp38-cp38-musllinux_1_1_i686.whl", hash = "sha256:b0fe73bac2fed83839dbdbe6da84ae2a31c11cfc1c777a40dbd8ac8a6ed1560f"},
    {url = "https://files.pythonhosted.org/packages/8e/8f/d7661c1684a8a13d61cdbad74bf8a7f5e1ad545dace099e8640573543653/MarkupSafe-2.1.4-cp311-cp311-win32.whl", hash = "sha256:31f57d64c336b8ccb1966d156932f3daa4fee74176b0fdc48ef580be774aae74"},
    {url = "https://files.pythonhosted.org/packages/98/8f/2d3694997f3eb2d3775950985a83194de77d8c7836c8f899116cc83a46de/MarkupSafe-2.1.4-cp311-cp311-manylinux_2_17_aarch64.manylinux2014_aarch64.whl", hash = "sha256:55d03fea4c4e9fd0ad75dc2e7e2b6757b80c152c032ea1d1de487461d8140efc"},
    {url = "https://files.pythonhosted.org/packages/9a/53/272b06a0627e88c9a1b3bbec9e8075a70e61ee1f4561cd881624944ce62d/MarkupSafe-2.1.4-cp38-cp38-win_amd64.whl", hash = "sha256:3a66c36a3864df95e4f62f9167c734b3b1192cb0851b43d7cc08040c074c6279"},
    {url = "https://files.pythonhosted.org/packages/9d/38/ba1ea63db85f87a5ceeccc157059652a6eb9c1b100483c6887ffbf993878/MarkupSafe-2.1.4-cp311-cp311-musllinux_1_1_i686.whl", hash = "sha256:e7902211afd0af05fbadcc9a312e4cf10f27b779cf1323e78d52377ae4b72bea"},
    {url = "https://files.pythonhosted.org/packages/a3/fe/907901eb249983f10cb46d210014624d8576aa383d710d53ce11bc34cf2e/MarkupSafe-2.1.4-cp38-cp38-win32.whl", hash = "sha256:fc1a75aa8f11b87910ffd98de62b29d6520b6d6e8a3de69a70ca34dea85d2a8a"},
    {url = "https://files.pythonhosted.org/packages/a5/20/7d070a54a3b6916e7847612cff0bf93743682a25f8bd71e87a8e0a1e029e/MarkupSafe-2.1.4-cp39-cp39-win32.whl", hash = "sha256:c8f253a84dbd2c63c19590fa86a032ef3d8cc18923b8049d91bcdeeb2581fbf6"},
    {url = "https://files.pythonhosted.org/packages/a9/14/f6111644d89fcd98bb6378eed02f3919fa797745c61a9b01e0cc1f57a737/MarkupSafe-2.1.4-cp310-cp310-macosx_10_9_x86_64.whl", hash = "sha256:e888ff76ceb39601c59e219f281466c6d7e66bd375b4ec1ce83bcdc68306796b"},
    {url = "https://files.pythonhosted.org/packages/b9/25/ed4be94e9c147d6939a708b94c55dfb6dfc8d9865618cf6896e34d7990aa/MarkupSafe-2.1.4-cp310-cp310-macosx_10_9_universal2.whl", hash = "sha256:de8153a7aae3835484ac168a9a9bdaa0c5eee4e0bc595503c95d53b942879c84"},
    {url = "https://files.pythonhosted.org/packages/bf/23/c8f5a43d5ba2061bc5baa9da73f9d6b354e725e7e5c1d9c0db5379d4c6c4/MarkupSafe-2.1.4-cp310-cp310-win32.whl", hash = "sha256:0c26f67b3fe27302d3a412b85ef696792c4a2386293c53ba683a89562f9399b0"},
    {url = "https://files.pythonhosted.org/packages/c0/4c/ebeeaa4b4af50f499fe4c38bde662ac4667cdded173c79273f9a0f1bef0d/MarkupSafe-2.1.4-cp39-cp39-manylinux_2_5_i686.manylinux1_i686.manylinux_2_17_i686.manylinux2014_i686.whl", hash = "sha256:47bb5f0142b8b64ed1399b6b60f700a580335c8e1c57f2f15587bd072012decc"},
    {url = "https://files.pythonhosted.org/packages/c0/55/385b57600adcac941877a52d5f7789a0bfcc263b7442d8dcb5d6a4d86658/MarkupSafe-2.1.4-cp37-cp37m-manylinux_2_5_i686.manylinux1_i686.manylinux_2_17_i686.manylinux2014_i686.whl", hash = "sha256:49a3b78a5af63ec10d8604180380c13dcd870aba7928c1fe04e881d5c792dc4e"},
    {url = "https://files.pythonhosted.org/packages/c0/f9/109899f57848c8c2b5a2ee2dedaa5dd89d0187c2bbb61cf1aaa9d249dc05/MarkupSafe-2.1.4-cp39-cp39-manylinux_2_17_aarch64.manylinux2014_aarch64.whl", hash = "sha256:d5c31fe855c77cad679b302aabc42d724ed87c043b1432d457f4976add1c2c3e"},
    {url = "https://files.pythonhosted.org/packages/cb/b0/d7b8c30d8b0b27aa7ba8fe40b42cc0f30171716d9bb8bc59d43f2c70dcaa/MarkupSafe-2.1.4-cp312-cp312-manylinux_2_5_i686.manylinux1_i686.manylinux_2_17_i686.manylinux2014_i686.whl", hash = "sha256:a4d176cfdfde84f732c4a53109b293d05883e952bbba68b857ae446fa3119b4f"},
    {url = "https://files.pythonhosted.org/packages/cc/36/2533a0aa2c9edd539b9c2e348ea6c600e05ea9433d5f403f58aca182b6fa/MarkupSafe-2.1.4-cp37-cp37m-musllinux_1_1_x86_64.whl", hash = "sha256:54635102ba3cf5da26eb6f96c4b8c53af8a9c0d97b64bdcb592596a6255d8518"},
    {url = "https://files.pythonhosted.org/packages/ce/28/394edbc34e165b354cce54200e98cb1120c80bcd3df9334e0fe6c91f4f95/MarkupSafe-2.1.4-cp37-cp37m-musllinux_1_1_aarch64.whl", hash = "sha256:15866d7f2dc60cfdde12ebb4e75e41be862348b4728300c36cdf405e258415ec"},
    {url = "https://files.pythonhosted.org/packages/d3/0a/c6dfffacc5a9a17c97019cb7cbec67e5abfb65c59a58ecba270fa224f88d/MarkupSafe-2.1.4-cp311-cp311-manylinux_2_17_x86_64.manylinux2014_x86_64.whl", hash = "sha256:3ab3a886a237f6e9c9f4f7d272067e712cdb4efa774bef494dccad08f39d8ae6"},
    {url = "https://files.pythonhosted.org/packages/de/9a/6d2e1b78fecf2a1318aa41b5962deb4f1168b9d2c095543fc465de82c0c7/MarkupSafe-2.1.4-cp311-cp311-macosx_10_9_x86_64.whl", hash = "sha256:0042d6a9880b38e1dd9ff83146cc3c9c18a059b9360ceae207805567aacccc69"},
    {url = "https://files.pythonhosted.org/packages/de/be/5ff3f2568674abbcc1fd373636a68bad58c07da1c14f08c4a6a609db905e/MarkupSafe-2.1.4-cp311-cp311-win_amd64.whl", hash = "sha256:54a7e1380dfece8847c71bf7e33da5d084e9b889c75eca19100ef98027bd9f56"},
    {url = "https://files.pythonhosted.org/packages/df/f2/22f860f2dfa7d8c862801f7d91b7da53d3187c7dbeb88c00d28a799788bf/MarkupSafe-2.1.4-cp39-cp39-macosx_10_9_universal2.whl", hash = "sha256:765f036a3d00395a326df2835d8f86b637dbaf9832f90f5d196c3b8a7a5080cb"},
    {url = "https://files.pythonhosted.org/packages/e2/a1/ae1826835cb773db2d720125482b2f0b99308d12c9e9b78b2358f5ef0c60/MarkupSafe-2.1.4-cp38-cp38-manylinux_2_17_aarch64.manylinux2014_aarch64.whl", hash = "sha256:b835aba863195269ea358cecc21b400276747cc977492319fd7682b8cd2c253d"},
    {url = "https://files.pythonhosted.org/packages/e2/a7/601b3a69a88d7e65e7495fa61f351916002b03549ff2fd748d65d2877e8c/MarkupSafe-2.1.4-cp312-cp312-macosx_10_9_universal2.whl", hash = "sha256:a76cd37d229fc385738bd1ce4cba2a121cf26b53864c1772694ad0ad348e509e"},
    {url = "https://files.pythonhosted.org/packages/e9/58/e6de8fd932e62d7a43174e700290cba3da08a502955de22141fbfced4b42/MarkupSafe-2.1.4-cp311-cp311-macosx_10_9_universal2.whl", hash = "sha256:9e9e3c4020aa2dc62d5dd6743a69e399ce3de58320522948af6140ac959ab863"},
    {url = "https://files.pythonhosted.org/packages/ec/e7/fa4d3a4957a2c3675a716d40f6fe803fc7e7046a50110324adc5a3628207/MarkupSafe-2.1.4-cp39-cp39-win_amd64.whl", hash = "sha256:8b570a1537367b52396e53325769608f2a687ec9a4363647af1cded8928af959"},
    {url = "https://files.pythonhosted.org/packages/ee/bb/4509e220327f2033f3cc658949d9ce1bc4be83079bf23339cde54b9744ef/MarkupSafe-2.1.4-cp39-cp39-musllinux_1_1_x86_64.whl", hash = "sha256:b6f14a9cd50c3cb100eb94b3273131c80d102e19bb20253ac7bd7336118a673a"},
    {url = "https://files.pythonhosted.org/packages/fa/c4/812b1a4144b37c08687b24a54cf61f8354dc8be2e5962ad1f14895f080d4/MarkupSafe-2.1.4-cp312-cp312-musllinux_1_1_aarch64.whl", hash = "sha256:f9917691f410a2e0897d1ef99619fd3f7dd503647c8ff2475bf90c3cf222ad74"},
    {url = "https://files.pythonhosted.org/packages/fb/5a/fb1326fe32913e663c8e2d6bdf7cde6f472e51f9c21f0768d9b9080fe7c5/MarkupSafe-2.1.4.tar.gz", hash = "sha256:3aae9af4cac263007fd6309c64c6ab4506dd2b79382d9d19a1994f9240b8db4f"},
]
"mpmath 1.3.0" = [
    {url = "https://files.pythonhosted.org/packages/43/e3/7d92a15f894aa0c9c4b49b8ee9ac9850d6e63b03c9c32c0367a13ae62209/mpmath-1.3.0-py3-none-any.whl", hash = "sha256:a0b2b9fe80bbcd81a6647ff13108738cfb482d481d826cc0e02f5b35e5c88d2c"},
    {url = "https://files.pythonhosted.org/packages/e0/47/dd32fa426cc72114383ac549964eecb20ecfd886d1e5ccf5340b55b02f57/mpmath-1.3.0.tar.gz", hash = "sha256:7a28eb2a9774d00c7bc92411c19a89209d5da7c4c9a9e227be8330a23a25b91f"},
]
"networkx 3.2.1" = [
    {url = "https://files.pythonhosted.org/packages/c4/80/a84676339aaae2f1cfdf9f418701dd634aef9cc76f708ef55c36ff39c3ca/networkx-3.2.1.tar.gz", hash = "sha256:9f1bb5cf3409bf324e0a722c20bdb4c20ee39bf1c30ce8ae499c8502b0b5e0c6"},
    {url = "https://files.pythonhosted.org/packages/d5/f0/8fbc882ca80cf077f1b246c0e3c3465f7f415439bdea6b899f6b19f61f70/networkx-3.2.1-py3-none-any.whl", hash = "sha256:f18c69adc97877c42332c170849c96cefa91881c99a7cb3e95b7c659ebdc1ec2"},
]
"numpy 1.26.3" = [
    {url = "https://files.pythonhosted.org/packages/0d/28/c71314812a93fea1a1b68f54cbc3e530ed4d1118242bed6f4f3dd793c519/numpy-1.26.3-cp312-cp312-manylinux_2_17_aarch64.manylinux2014_aarch64.whl", hash = "sha256:7f784e13e598e9594750b2ef6729bcd5a47f6cfe4a12cca13def35e06d8163e3"},
    {url = "https://files.pythonhosted.org/packages/1b/cd/1cc4d347118df8ba3f58de2dd95a57f755d486b238946917d5cbf6af903a/numpy-1.26.3-cp310-cp310-win32.whl", hash = "sha256:21a9484e75ad018974a2fdaa216524d64ed4212e418e0a551a2d83403b0531d3"},
    {url = "https://files.pythonhosted.org/packages/24/2b/dc80804801369b38681f3a61b48c8c5f1cc1e2651d2d504b9a1f6040bdb1/numpy-1.26.3-cp311-cp311-manylinux_2_17_aarch64.manylinux2014_aarch64.whl", hash = "sha256:8c66d6fec467e8c0f975818c1796d25c53521124b7cfb760114be0abad53a0a2"},
    {url = "https://files.pythonhosted.org/packages/33/47/fc483df0b7ddeee987b6ff146c879d3556fcea82cc9aa4203d16e5871c62/numpy-1.26.3-cp310-cp310-macosx_10_9_x86_64.whl", hash = "sha256:806dd64230dbbfaca8a27faa64e2f414bf1c6622ab78cc4264f7f5f028fee3bf"},
    {url = "https://files.pythonhosted.org/packages/37/ec/ef1623be30884230e9fbc689bc1ad4f096b6155b54ddbc1b8726333411c0/numpy-1.26.3-cp310-cp310-manylinux_2_17_aarch64.manylinux2014_aarch64.whl", hash = "sha256:6d45b3ec2faed4baca41c76617fcdcfa4f684ff7a151ce6fc78ad3b6e85af0a6"},
    {url = "https://files.pythonhosted.org/packages/3f/55/cd123e8d88a98d0bcc69a707f3dae8bfde64206040a826a030c241850014/numpy-1.26.3-cp312-cp312-win32.whl", hash = "sha256:f73497e8c38295aaa4741bdfa4fda1a5aedda5473074369eca10626835445511"},
    {url = "https://files.pythonhosted.org/packages/42/db/82cc805d96ba48622fbb7395a7b44cf59567fca235e397cdf64555081773/numpy-1.26.3-cp311-cp311-macosx_10_9_x86_64.whl", hash = "sha256:b831295e5472954104ecb46cd98c08b98b49c69fdb7040483aff799a755a7374"},
    {url = "https://files.pythonhosted.org/packages/49/f9/cc7411f223d647bb985f09e2226d27d366c8578898cc806f2ba91a50b3bc/numpy-1.26.3-cp39-cp39-musllinux_1_1_x86_64.whl", hash = "sha256:cc0743f0302b94f397a4a65a660d4cd24267439eb16493fb3caad2e4389bccbb"},
    {url = "https://files.pythonhosted.org/packages/4b/db/a625c63df0ad581b8c7bc170f5fbd3894d48af3ea751338aa8044277cfe6/numpy-1.26.3-cp39-cp39-win32.whl", hash = "sha256:9bc6d1a7f8cedd519c4b7b1156d98e051b726bf160715b769106661d567b3f03"},
    {url = "https://files.pythonhosted.org/packages/51/d4/471df72f4662bcebb670eb9b5e07eca4b5a5229559ab0447cad34df815e0/numpy-1.26.3-cp312-cp312-musllinux_1_1_aarch64.whl", hash = "sha256:77810ef29e0fb1d289d225cabb9ee6cf4d11978a00bb99f7f8ec2132a84e0166"},
    {url = "https://files.pythonhosted.org/packages/55/78/f85aab3bda3ddffe6ce8c590190b5f0d2e61dfd2fb7a8f446dcb4f8c12c7/numpy-1.26.3-cp311-cp311-macosx_11_0_arm64.whl", hash = "sha256:9e87562b91f68dd8b1c39149d0323b42e0082db7ddb8e934ab4c292094d575d6"},
    {url = "https://files.pythonhosted.org/packages/59/66/4322e23e002e06f9c460a82526a6e5e0851057f95cc37539c618792afb28/numpy-1.26.3-cp311-cp311-musllinux_1_1_x86_64.whl", hash = "sha256:51c7f1b344f302067b02e0f5b5d2daa9ed4a721cf49f070280ac202738ea7f00"},
    {url = "https://files.pythonhosted.org/packages/5a/62/007b63f916aca1d27f5fede933fda3315d931ff9b2c28b9c2cf388cd8edb/numpy-1.26.3-cp311-cp311-manylinux_2_17_x86_64.manylinux2014_x86_64.whl", hash = "sha256:f25e2811a9c932e43943a2615e65fc487a0b6b49218899e62e426e7f0a57eeda"},
    {url = "https://files.pythonhosted.org/packages/65/2d/1ea2c43727f328485ab0dbad9b657de7b471e235b84008f192868276b4c3/numpy-1.26.3-cp39-cp39-manylinux_2_17_aarch64.manylinux2014_aarch64.whl", hash = "sha256:0b7e807d6888da0db6e7e75838444d62495e2b588b99e90dd80c3459594e857b"},
    {url = "https://files.pythonhosted.org/packages/6d/66/5ea5b8ef7cb3f72ecd6c905abc2331f999bf7e9de247f9db8cc9642f0eda/numpy-1.26.3-cp312-cp312-macosx_10_9_x86_64.whl", hash = "sha256:a7081fd19a6d573e1a05e600c82a1c421011db7935ed0d5c483e9dd96b99cf13"},
    {url = "https://files.pythonhosted.org/packages/77/86/503c9fb73bb4a11b3abf4c12fef24d19f66f738a5c7f6af169ec62b5bc8b/numpy-1.26.3-pp39-pypy39_pp73-macosx_10_9_x86_64.whl", hash = "sha256:3c67423b3703f8fbd90f5adaa37f85b5794d3366948efe9a5190a5f3a83fc34e"},
    {url = "https://files.pythonhosted.org/packages/7c/f1/77df3d637d8acdb3ea118bc8646c22eaf7c2145416313d038a8efc77eeea/numpy-1.26.3-cp39-cp39-macosx_10_9_x86_64.whl", hash = "sha256:1666f634cb3c80ccbd77ec97bc17337718f56d6658acf5d3b906ca03e90ce87f"},
    {url = "https://files.pythonhosted.org/packages/94/9c/f1e88764737c126637d0434df712b1baa371a404a3e3751ee997e74e164b/numpy-1.26.3-cp312-cp312-macosx_11_0_arm64.whl", hash = "sha256:12c70ac274b32bc00c7f61b515126c9205323703abb99cd41836e8125ea0043e"},
    {url = "https://files.pythonhosted.org/packages/99/2b/f7114983d84303019385d93d24d729aedba67be7e083286f114188943cf3/numpy-1.26.3-cp311-cp311-win_amd64.whl", hash = "sha256:39763aee6dfdd4878032361b30b2b12593fb445ddb66bbac802e2113eb8a6ac4"},
    {url = "https://files.pythonhosted.org/packages/9a/ee/6df4c886f4a3ea713e41b794504719298e77b6bf476b6ef2c213f65ca6b3/numpy-1.26.3-cp39-cp39-musllinux_1_1_aarch64.whl", hash = "sha256:b8c275f0ae90069496068c714387b4a0eba5d531aace269559ff2b43655edd58"},
    {url = "https://files.pythonhosted.org/packages/9b/a5/35fde0de93145e4cec0543ce4413b4a96769a6f9714aa1c6cfa29011a4b9/numpy-1.26.3-cp310-cp310-musllinux_1_1_aarch64.whl", hash = "sha256:211ddd1e94817ed2d175b60b6374120244a4dd2287f4ece45d49228b4d529178"},
    {url = "https://files.pythonhosted.org/packages/a0/8a/2bd4712558ba18a31b52873bc2ecf473a7d264d10f3d16be4f83d7bf31a7/numpy-1.26.3-cp310-cp310-macosx_11_0_arm64.whl", hash = "sha256:02f98011ba4ab17f46f80f7f8f1c291ee7d855fcef0a5a98db80767a468c85cd"},
    {url = "https://files.pythonhosted.org/packages/a5/37/d1453c9ff4f7630e68ec036c6fb56ba0d7c769daa8a4083cb4ef8ee45995/numpy-1.26.3-cp310-cp310-manylinux_2_17_x86_64.manylinux2014_x86_64.whl", hash = "sha256:bdd2b45bf079d9ad90377048e2747a0c82351989a2165821f0c96831b4a2a54b"},
    {url = "https://files.pythonhosted.org/packages/ad/11/52fbe97fd84c91105b651d25a122f8deed6d3519afb14f9771fac1c9b7de/numpy-1.26.3-cp312-cp312-win_amd64.whl", hash = "sha256:da4b0c6c699a0ad73c810736303f7fbae483bcb012e38d7eb06a5e3b432c981b"},
    {url = "https://files.pythonhosted.org/packages/b4/37/90372bae061bc540dd0fce29a143556b1f30912488a27ca0b4104aacfc6b/numpy-1.26.3-cp311-cp311-musllinux_1_1_aarch64.whl", hash = "sha256:af36e0aa45e25c9f57bf684b1175e59ea05d9a7d3e8e87b7ae1a1da246f2767e"},
    {url = "https://files.pythonhosted.org/packages/be/b0/611101990ddac767e54e2d27d1f4576ae1662cca64e2d55ef0e62558ec26/numpy-1.26.3-cp310-cp310-win_amd64.whl", hash = "sha256:9e1591f6ae98bcfac2a4bbf9221c0b92ab49762228f38287f6eeb5f3f55905ce"},
    {url = "https://files.pythonhosted.org/packages/bf/5a/e958ac00a4e3099c01a7813c4fa61c47317f75540f56f57adcb53b37bdea/numpy-1.26.3-cp39-cp39-macosx_11_0_arm64.whl", hash = "sha256:18c3319a7d39b2c6a9e3bb75aab2304ab79a811ac0168a671a62e6346c29b03f"},
    {url = "https://files.pythonhosted.org/packages/c4/c6/f971d43a272e574c21707c64f12730c390f2bfa6426185fbdf0265a63cbd/numpy-1.26.3-cp312-cp312-manylinux_2_17_x86_64.manylinux2014_x86_64.whl", hash = "sha256:5f24750ef94d56ce6e33e4019a8a4d68cfdb1ef661a52cdaee628a56d2437419"},
    {url = "https://files.pythonhosted.org/packages/d0/17/196d1b92de1bd3ca1519586845c2607e4e1a8a60f442fa084b15794b449a/numpy-1.26.3-cp312-cp312-musllinux_1_1_x86_64.whl", hash = "sha256:8ed07a90f5450d99dad60d3799f9c03c6566709bd53b497eb9ccad9a55867f36"},
    {url = "https://files.pythonhosted.org/packages/d0/b0/13e2b50c95bfc1d5ee04925eb5c105726c838f922d0aaddd57b7c8be0f8b/numpy-1.26.3.tar.gz", hash = "sha256:697df43e2b6310ecc9d95f05d5ef20eacc09c7c4ecc9da3f235d39e71b7da1e4"},
    {url = "https://files.pythonhosted.org/packages/d4/1c/839e2308aa3b2dc52e3ae0443b5a0d3971d1f096f76dab0cf8424af157cd/numpy-1.26.3-cp310-cp310-musllinux_1_1_x86_64.whl", hash = "sha256:b1240f767f69d7c4c8a29adde2310b871153df9b26b5cb2b54a561ac85146485"},
    {url = "https://files.pythonhosted.org/packages/e3/a1/c452b0d7553b5fdef4f6215458d65a39ef975f4e3a4f6ed75431fea9f2a3/numpy-1.26.3-cp311-cp311-win32.whl", hash = "sha256:7ca4f24341df071877849eb2034948459ce3a07915c2734f1abb4018d9c49d7b"},
    {url = "https://files.pythonhosted.org/packages/e7/43/02684ed09a6a317773d61055ed89d4056bd069fed2dec88ed3d1e5f4397f/numpy-1.26.3-pp39-pypy39_pp73-win_amd64.whl", hash = "sha256:a8474703bffc65ca15853d5fd4d06b18138ae90c17c8d12169968e998e448bb5"},
    {url = "https://files.pythonhosted.org/packages/ea/d5/e90d3ea242739453eccbdfc67f2cb4a13cdeddbea4e4cba2b2e8cba1ae29/numpy-1.26.3-cp39-cp39-win_amd64.whl", hash = "sha256:867e3644e208c8922a3be26fc6bbf112a035f50f0a86497f98f228c50c607bb2"},
    {url = "https://files.pythonhosted.org/packages/ea/ee/7a93594b78d7834d14ff49e74ba79e3f26b85604a542a790db81b1dd2326/numpy-1.26.3-cp39-cp39-manylinux_2_17_x86_64.manylinux2014_x86_64.whl", hash = "sha256:b4d362e17bcb0011738c2d83e0a65ea8ce627057b2fdda37678f4374a382a137"},
    {url = "https://files.pythonhosted.org/packages/f4/12/130b6df00105300ab8a096fc1ec0356235d08cf5706f52bae4e19f5dadcf/numpy-1.26.3-pp39-pypy39_pp73-manylinux_2_17_x86_64.manylinux2014_x86_64.whl", hash = "sha256:46f47ee566d98849323f01b349d58f2557f02167ee301e5e28809a8c0e27a2d0"},
]
"setuptools 69.0.3" = [
    {url = "https://files.pythonhosted.org/packages/55/3a/5121b58b578a598b269537e09a316ad2a94fdd561a2c6eb75cd68578cc6b/setuptools-69.0.3-py3-none-any.whl", hash = "sha256:385eb4edd9c9d5c17540511303e39a147ce2fc04bc55289c322b9e5904fe2c05"},
    {url = "https://files.pythonhosted.org/packages/fc/c9/b146ca195403e0182a374e0ea4dbc69136bad3cd55bc293df496d625d0f7/setuptools-69.0.3.tar.gz", hash = "sha256:be1af57fc409f93647f2e8e4573a142ed38724b8cdd389706a867bb4efcf1e78"},
]
"sympy 1.12" = [
    {url = "https://files.pythonhosted.org/packages/d2/05/e6600db80270777c4a64238a98d442f0fd07cc8915be2a1c16da7f2b9e74/sympy-1.12-py3-none-any.whl", hash = "sha256:c3588cd4295d0c0f603d0f2ae780587e64e2efeedb3521e46b9bb1d08d184fa5"},
    {url = "https://files.pythonhosted.org/packages/e5/57/3485a1a3dff51bfd691962768b14310dae452431754bfc091250be50dd29/sympy-1.12.tar.gz", hash = "sha256:ebf595c8dac3e0fdc4152c51878b498396ec7f30e7a914d6071e674d49420fb8"},
]
"torch 2.1.2+cu121" = [
    {url = "https://download.pytorch.org/whl/cu121/torch-2.1.2%2Bcu121-cp310-cp310-linux_x86_64.whl", hash = "sha256:b2184b7729ef3b9b10065c074a37c1e603fd99f91e38376e25cb7ed6e1d54696"},
    {url = "https://download.pytorch.org/whl/cu121/torch-2.1.2%2Bcu121-cp310-cp310-win_amd64.whl", hash = "sha256:9925143dece0e63c5404a72d59eb668ef78795418e96b576f94d75dcea6030b9"},
    {url = "https://download.pytorch.org/whl/cu121/torch-2.1.2%2Bcu121-cp311-cp311-linux_x86_64.whl", hash = "sha256:ca05cae9334504d1903e16c50ddf045329a859d5b1a27ed2dc1d58ed066df6fa"},
    {url = "https://download.pytorch.org/whl/cu121/torch-2.1.2%2Bcu121-cp311-cp311-win_amd64.whl", hash = "sha256:c92e9c559a82466fc5989f648807d2c0215bcce09b97ad7a20d038b686783229"},
    {url = "https://download.pytorch.org/whl/cu121/torch-2.1.2%2Bcu121-cp38-cp38-linux_x86_64.whl", hash = "sha256:daa179bb558f78f2165db974a6744ec8de2ea71eb6aaf362bdae7616012c0302"},
    {url = "https://download.pytorch.org/whl/cu121/torch-2.1.2%2Bcu121-cp38-cp38-win_amd64.whl", hash = "sha256:44c31fc1e470428682e212473507116ec3afa583d6b79d92858bf3dc24b334ea"},
    {url = "https://download.pytorch.org/whl/cu121/torch-2.1.2%2Bcu121-cp39-cp39-linux_x86_64.whl", hash = "sha256:eaaf6907e3723c0ca6a91df5e01a7eef8cabec93120e9a50739f5a5f14a2aa46"},
    {url = "https://download.pytorch.org/whl/cu121/torch-2.1.2%2Bcu121-cp39-cp39-win_amd64.whl", hash = "sha256:2d287804328dfb950ae6d418c9d8561d8f379237cf0710566d80efb96b6cd744"},
]
"tqdm 4.66.1" = [
    {url = "https://files.pythonhosted.org/packages/00/e5/f12a80907d0884e6dff9c16d0c0114d81b8cd07dc3ae54c5e962cc83037e/tqdm-4.66.1-py3-none-any.whl", hash = "sha256:d302b3c5b53d47bce91fea46679d9c3c6508cf6332229aa1e7d8653723793386"},
    {url = "https://files.pythonhosted.org/packages/62/06/d5604a70d160f6a6ca5fd2ba25597c24abd5c5ca5f437263d177ac242308/tqdm-4.66.1.tar.gz", hash = "sha256:d88e651f9db8d8551a62556d3cff9e3034274ca5d66e93197cf2490e2dcb69c7"},
]
"triton 2.1.0" = [
    {url = "https://files.pythonhosted.org/packages/03/47/55c4168f8333a852f9284a8446d15cb37b69903d47896e4aebfe9f21969d/triton-2.1.0-0-pp39-pypy39_pp73-manylinux2014_x86_64.manylinux_2_17_x86_64.whl", hash = "sha256:81a96d110a738ff63339fc892ded095b31bd0d205e3aace262af8400d40b6fa8"},
    {url = "https://files.pythonhosted.org/packages/4d/22/91a8af421c8a8902dde76e6ef3db01b258af16c53d81e8c0d0dc13900a9e/triton-2.1.0-0-cp310-cp310-manylinux2014_x86_64.manylinux_2_17_x86_64.whl", hash = "sha256:66439923a30d5d48399b08a9eae10370f6c261a5ec864a64983bae63152d39d7"},
    {url = "https://files.pythonhosted.org/packages/5c/c1/54fffb2eb13d293d9a429fead3646752ea190de0229bcf3d591ba2481263/triton-2.1.0-0-cp311-cp311-manylinux2014_x86_64.manylinux_2_17_x86_64.whl", hash = "sha256:919b06453f0033ea52c13eaf7833de0e57db3178d23d4e04f9fc71c4f2c32bf8"},
    {url = "https://files.pythonhosted.org/packages/72/98/34f43ed68ee6455ea874f749a5515c0600243186301ecd83819d942ce08a/triton-2.1.0-0-cp38-cp38-manylinux2014_x86_64.manylinux_2_17_x86_64.whl", hash = "sha256:39f6fb6bdccb3e98f3152e3fbea724f1aeae7d749412bbb1fa9c441d474eba26"},
    {url = "https://files.pythonhosted.org/packages/74/f8/2616a1d3ccd8500129baf46a2ccca2ca4b517210065f506dd0aac8bb81ef/triton-2.1.0-0-pp37-pypy37_pp73-manylinux2014_x86_64.manylinux_2_17_x86_64.whl", hash = "sha256:143582ca31dd89cd982bd3bf53666bab1c7527d41e185f9e3d8a3051ce1b663b"},
    {url = "https://files.pythonhosted.org/packages/82/59/07cbec92c358664091270b68f1fb43819042db60eb7ee7d849e538e1b070/triton-2.1.0-0-cp37-cp37m-manylinux2014_x86_64.manylinux_2_17_x86_64.whl", hash = "sha256:ae4bb8a91de790e1866405211c4d618379781188f40d5c4c399766914e84cd94"},
    {url = "https://files.pythonhosted.org/packages/d1/5a/e5811fcc8fc6703be39eb157af6224eaa3b628a42008df93b87e23eb9731/triton-2.1.0-0-cp39-cp39-manylinux2014_x86_64.manylinux_2_17_x86_64.whl", hash = "sha256:21544e522c02005a626c8ad63d39bdff2f31d41069592919ef281e964ed26446"},
    {url = "https://files.pythonhosted.org/packages/d4/75/ffd4c7a624bc2d60f7d1a4955fe69291d8bdfcd7bd49eaa90ebdc1d2fa7d/triton-2.1.0-0-pp38-pypy38_pp73-manylinux2014_x86_64.manylinux_2_17_x86_64.whl", hash = "sha256:82fc5aeeedf6e36be4e4530cbdcba81a09d65c18e02f52dc298696d45721f3bd"},
]
"typing-extensions 4.9.0" = [
    {url = "https://files.pythonhosted.org/packages/0c/1d/eb26f5e75100d531d7399ae800814b069bc2ed2a7410834d57374d010d96/typing_extensions-4.9.0.tar.gz", hash = "sha256:23478f88c37f27d76ac8aee6c905017a143b0b1b886c3c9f66bc2fd94f9f5783"},
    {url = "https://files.pythonhosted.org/packages/b7/f4/6a90020cd2d93349b442bfcb657d0dc91eee65491600b2cb1d388bc98e6b/typing_extensions-4.9.0-py3-none-any.whl", hash = "sha256:af72aea155e91adfc61c3ae9e0e342dbc0cba726d6cba4b6c72c1f34e47291cd"},
]
